
Microsoft Visual Studio Solution File, Format Version 12.00
# Visual Studio 2012
Project("{FAE04EC0-301F-11D3-BF4B-00C04F79EFBC}") = "SecretSanta", "SecretSanta\SecretSanta.csproj", "{2B9D4B33-ADF4-4F50-8672-A1B8C50EEA2B}"
EndProject
Global
	GlobalSection(SolutionConfigurationPlatforms) = preSolution
		Debug|Any CPU = Debug|Any CPU
		Release|Any CPU = Release|Any CPU
	EndGlobalSection
	GlobalSection(ProjectConfigurationPlatforms) = postSolution
		{2B9D4B33-ADF4-4F50-8672-A1B8C50EEA2B}.Debug|Any CPU.ActiveCfg = Debug|Any CPU
		{2B9D4B33-ADF4-4F50-8672-A1B8C50EEA2B}.Debug|Any CPU.Build.0 = Debug|Any CPU
		{2B9D4B33-ADF4-4F50-8672-A1B8C50EEA2B}.Release|Any CPU.ActiveCfg = Release|Any CPU
		{2B9D4B33-ADF4-4F50-8672-A1B8C50EEA2B}.Release|Any CPU.Build.0 = Release|Any CPU
	EndGlobalSection
EndGlobal
